{
    "_readme": [
        "This file locks the dependencies of your project to a known state",
        "Read more about it at https://getcomposer.org/doc/01-basic-usage.md#installing-dependencies",
        "This file is @generated automatically"
    ],
    "content-hash": "87d442983fabe38186048ab7318354cb",
    "packages": [
        {
            "name": "simple-icons/simple-icons",
            "version": "13.14.0",
            "source": {
                "type": "git",
                "url": "https://github.com/simple-icons/simple-icons.git",
                "reference": "e00ff4b14e6a04b8bc8320d12fcc0abebfbe6735"
            },
            "dist": {
                "type": "zip",
                "url": "https://api.github.com/repos/simple-icons/simple-icons/zipball/e00ff4b14e6a04b8bc8320d12fcc0abebfbe6735",
                "reference": "e00ff4b14e6a04b8bc8320d12fcc0abebfbe6735",
                "shasum": ""
            },
            "type": "library",
            "notification-url": "https://packagist.org/downloads/",
            "license": [
                "CC0-1.0"
            ],
            "description": "SVG icons for popular brands",
            "homepage": "https://simpleicons.org/",
            "keywords": [
                "icons",
                "svg"
            ],
            "support": {
                "docs": "https://github.com/simple-icons/simple-icons#php-usage-",
                "issues": "https://github.com/simple-icons/simple-icons/issues",
                "source": "https://github.com/simple-icons/simple-icons"
            },
            "funding": [
                {
                    "url": "https://opencollective.com/simple-icons",
                    "type": "opencollective"
                }
            ],
            "time": "2024-10-13T01:07:03+00:00"
        }
    ],
    "packages-dev": [],
    "aliases": [],
    "minimum-stability": "stable",
    "stability-flags": [],
    "prefer-stable": false,
    "prefer-lowest": false,
    "platform": [],
    "platform-dev": [],
    "plugin-api-version": "2.6.0"
}
